
Microsoft Visual Studio Solution File, Format Version 12.00
# Visual Studio Version 16
VisualStudioVersion = 16.0.29709.97
MinimumVisualStudioVersion = 10.0.40219.1
Project("{D954291E-2A0B-460D-934E-DC6B0785DB48}") = "CommonUtilities.Lite.Shared", "SharedSources\CommonUtilities.Lite.Shared.shproj", "{F9418680-7641-49AA-A72A-32408F111947}"
EndProject
Project("{D954291E-2A0B-460D-934E-DC6B0785DB48}") = "CommonUtilities.Shared", "SharedSources\CommonUtilities.Shared.shproj", "{7878DF3A-8418-4ACA-B415-300B81AFD792}"
EndProject
Global
	GlobalSection(SharedMSBuildProjectFiles) = preSolution
		SharedSources\CommonUtilities.Shared.projitems*{7878df3a-8418-4aca-b415-300b81afd792}*SharedItemsImports = 13
		SharedSources\CommonUtilities.Lite.Shared.projitems*{f9418680-7641-49aa-a72a-32408f111947}*SharedItemsImports = 13
	EndGlobalSection
	GlobalSection(SolutionProperties) = preSolution
		HideSolutionNode = FALSE
	EndGlobalSection
	GlobalSection(ExtensibilityGlobals) = postSolution
		SolutionGuid = {3A79E5CD-0524-4DA6-B26C-17C43FF8E9FB}
	EndGlobalSection
EndGlobal
